
Microsoft Visual Studio Solution File, Format Version 12.00
# Visual Studio 15
VisualStudioVersion = 15.0.26114.2
MinimumVisualStudioVersion = 10.0.40219.1
Project("{FAE04EC0-301F-11D3-BF4B-00C04F79EFBC}") = "DayPrinter", "DayPrinter\DayPrinter.csproj", "{B3E76AAA-3BE8-49C7-A831-64EF68C6F28D}"
EndProject
Project("{FAE04EC0-301F-11D3-BF4B-00C04F79EFBC}") = "ElseIf", "ElseIf\ElseIf.csproj", "{C7008ACC-EE4B-49CC-B7FB-5F9F95E257A9}"
EndProject
Project("{FAE04EC0-301F-11D3-BF4B-00C04F79EFBC}") = "TempConv", "TempConv\TempConv.csproj", "{6D18F93D-E26F-4FF4-ABF2-1450FD9FB19D}"
EndProject
Project("{FAE04EC0-301F-11D3-BF4B-00C04F79EFBC}") = "HelloMethods", "HelloMethods\HelloMethods.csproj", "{9B69E0D2-FBD5-4FB4-9D40-768AE4F57300}"
EndProject
Project("{FAE04EC0-301F-11D3-BF4B-00C04F79EFBC}") = "Gradebook", "Gradebook\Gradebook.csproj", "{9E08496B-2501-4CBF-844F-8FD7BA97F4E6}"
EndProject
Project("{FAE04EC0-301F-11D3-BF4B-00C04F79EFBC}") = "GradebookDict", "GradebookDict\GradebookDict.csproj", "{EFCB1B91-2E92-478F-BFF7-013FF6911DCC}"
EndProject
Project("{FAE04EC0-301F-11D3-BF4B-00C04F79EFBC}") = "GradebookArray", "GradebookArray\GradebookArray.csproj", "{89051A0E-8D18-48C3-B4E6-D05F62D252CE}"
EndProject
Project("{FAE04EC0-301F-11D3-BF4B-00C04F79EFBC}") = "HelloWorld", "HelloWorld\HelloWorld.csproj", "{AD5D94B8-BF3D-4A9A-A684-B37BBED7780B}"
EndProject
Project("{FAE04EC0-301F-11D3-BF4B-00C04F79EFBC}") = "InputOutput", "InputOutput\InputOutput.csproj", "{02074656-CEB9-4EA5-8373-7BE0CE3B204E}"
EndProject
Project("{FAE04EC0-301F-11D3-BF4B-00C04F79EFBC}") = "NumericTypes", "NumericTypes\NumericTypes.csproj", "{B7119E71-3EA8-49BC-A578-4FB0DB57A624}"
EndProject
Project("{FAE04EC0-301F-11D3-BF4B-00C04F79EFBC}") = "Strings", "Strings\Strings.csproj", "{2CAD1880-E406-40B8-9C5D-FFDBD01C6E4C}"
EndProject
Project("{FAE04EC0-301F-11D3-BF4B-00C04F79EFBC}") = "IntroDemo", "IntroDemo\IntroDemo.csproj", "{5D281D20-7A8C-46D5-AFFF-C98011DD8233}"
EndProject
Project("{FAE04EC0-301F-11D3-BF4B-00C04F79EFBC}") = "Area", "Area\Area.csproj", "{C233D7D5-CF1D-467C-9BC6-C6B103724880}"
EndProject
Project("{FAE04EC0-301F-11D3-BF4B-00C04F79EFBC}") = "Area2", "Area2\Area2.csproj", "{1FBE397E-CA03-4E62-909D-C5C55C85A8A4}"
EndProject
Project("{FAE04EC0-301F-11D3-BF4B-00C04F79EFBC}") = "WorkingWithStrings", "WorkingWithStrings\WorkingWithStrings.csproj", "{6F7CA3DB-E757-4297-8A79-8B2A6645991F}"
EndProject
Project("{FAE04EC0-301F-11D3-BF4B-00C04F79EFBC}") = "CountingCharactersStudio", "CountingCharactersStudio\CountingCharactersStudio.csproj", "{FDAF8108-7E15-4226-B751-A3835BAF1982}"
EndProject
Project("{FAE04EC0-301F-11D3-BF4B-00C04F79EFBC}") = "FiveLetterStrings", "FiveLetterStrings\FiveLetterStrings.csproj", "{79050359-6471-4A8C-9AC1-857E03DCAA6E}"
EndProject
Project("{FAE04EC0-301F-11D3-BF4B-00C04F79EFBC}") = "Class2Arrays", "Class2Arrays\Class2Arrays.csproj", "{BF9192C1-68F0-44EF-BC2E-7F7AEAC1B146}"
EndProject
Project("{FAE04EC0-301F-11D3-BF4B-00C04F79EFBC}") = "School", "School\School.csproj", "{11AE1273-5ADB-449F-8E52-A6D04C0CC519}"
EndProject
Project("{FAE04EC0-301F-11D3-BF4B-00C04F79EFBC}") = "Restaurant", "Restaurant\Restaurant.csproj", "{A74CD7DD-6695-44DC-8B13-C3106D9F835F}"
EndProject
Project("{FAE04EC0-301F-11D3-BF4B-00C04F79EFBC}") = "ClassDesign", "ClassDesign\ClassDesign.csproj", "{12A146E4-F216-4AEE-9855-8BB54D300C93}"
EndProject
Project("{FAE04EC0-301F-11D3-BF4B-00C04F79EFBC}") = "HelloWorld2", "HelloWorld2\HelloWorld2.csproj", "{40A8D9A8-EA17-4BE7-9CC1-2F512C251341}"
EndProject
Project("{FAE04EC0-301F-11D3-BF4B-00C04F79EFBC}") = "tempConv2", "tempConv2\tempConv2.csproj", "{6CE77188-F989-43BA-91B5-593B537713BB}"
EndProject
Project("{FAE04EC0-301F-11D3-BF4B-00C04F79EFBC}") = "DanExample", "DanExample\DanExample.csproj", "{5362B0C8-6A4E-4159-BC06-D124606A1ED2}"
EndProject
Project("{FAE04EC0-301F-11D3-BF4B-00C04F79EFBC}") = "Strings2", "Strings2\Strings2.csproj", "{E5012BDC-ACDB-4AB6-BC9A-E30D169806A2}"
EndProject
Project("{FAE04EC0-301F-11D3-BF4B-00C04F79EFBC}") = "Scratch", "Scratch\Scratch.csproj", "{562A85D8-F83D-44D6-A825-C238F5A55329}"
EndProject
Project("{FAE04EC0-301F-11D3-BF4B-00C04F79EFBC}") = "WorkingWithStrings2", "WorkingWithStrings2\WorkingWithStrings2.csproj", "{076D5F9C-D84E-4CD0-B437-20E910A6F747}"
EndProject
Project("{FAE04EC0-301F-11D3-BF4B-00C04F79EFBC}") = "TestArraysClass", "TestArraysClass\TestArraysClass.csproj", "{3CFEFE30-8DE8-4217-95D0-E442578F5481}"
EndProject
Global
	GlobalSection(SolutionConfigurationPlatforms) = preSolution
		Debug|Any CPU = Debug|Any CPU
		Release|Any CPU = Release|Any CPU
	EndGlobalSection
	GlobalSection(ProjectConfigurationPlatforms) = postSolution
		{B3E76AAA-3BE8-49C7-A831-64EF68C6F28D}.Debug|Any CPU.ActiveCfg = Debug|Any CPU
		{B3E76AAA-3BE8-49C7-A831-64EF68C6F28D}.Debug|Any CPU.Build.0 = Debug|Any CPU
		{B3E76AAA-3BE8-49C7-A831-64EF68C6F28D}.Release|Any CPU.ActiveCfg = Release|Any CPU
		{B3E76AAA-3BE8-49C7-A831-64EF68C6F28D}.Release|Any CPU.Build.0 = Release|Any CPU
		{C7008ACC-EE4B-49CC-B7FB-5F9F95E257A9}.Debug|Any CPU.ActiveCfg = Debug|Any CPU
		{C7008ACC-EE4B-49CC-B7FB-5F9F95E257A9}.Debug|Any CPU.Build.0 = Debug|Any CPU
		{C7008ACC-EE4B-49CC-B7FB-5F9F95E257A9}.Release|Any CPU.ActiveCfg = Release|Any CPU
		{C7008ACC-EE4B-49CC-B7FB-5F9F95E257A9}.Release|Any CPU.Build.0 = Release|Any CPU
		{6D18F93D-E26F-4FF4-ABF2-1450FD9FB19D}.Debug|Any CPU.ActiveCfg = Debug|Any CPU
		{6D18F93D-E26F-4FF4-ABF2-1450FD9FB19D}.Debug|Any CPU.Build.0 = Debug|Any CPU
		{6D18F93D-E26F-4FF4-ABF2-1450FD9FB19D}.Release|Any CPU.ActiveCfg = Release|Any CPU
		{6D18F93D-E26F-4FF4-ABF2-1450FD9FB19D}.Release|Any CPU.Build.0 = Release|Any CPU
		{9B69E0D2-FBD5-4FB4-9D40-768AE4F57300}.Debug|Any CPU.ActiveCfg = Debug|Any CPU
		{9B69E0D2-FBD5-4FB4-9D40-768AE4F57300}.Debug|Any CPU.Build.0 = Debug|Any CPU
		{9B69E0D2-FBD5-4FB4-9D40-768AE4F57300}.Release|Any CPU.ActiveCfg = Release|Any CPU
		{9B69E0D2-FBD5-4FB4-9D40-768AE4F57300}.Release|Any CPU.Build.0 = Release|Any CPU
		{9E08496B-2501-4CBF-844F-8FD7BA97F4E6}.Debug|Any CPU.ActiveCfg = Debug|Any CPU
		{9E08496B-2501-4CBF-844F-8FD7BA97F4E6}.Debug|Any CPU.Build.0 = Debug|Any CPU
		{9E08496B-2501-4CBF-844F-8FD7BA97F4E6}.Release|Any CPU.ActiveCfg = Release|Any CPU
		{9E08496B-2501-4CBF-844F-8FD7BA97F4E6}.Release|Any CPU.Build.0 = Release|Any CPU
		{EFCB1B91-2E92-478F-BFF7-013FF6911DCC}.Debug|Any CPU.ActiveCfg = Debug|Any CPU
		{EFCB1B91-2E92-478F-BFF7-013FF6911DCC}.Debug|Any CPU.Build.0 = Debug|Any CPU
		{EFCB1B91-2E92-478F-BFF7-013FF6911DCC}.Release|Any CPU.ActiveCfg = Release|Any CPU
		{EFCB1B91-2E92-478F-BFF7-013FF6911DCC}.Release|Any CPU.Build.0 = Release|Any CPU
		{89051A0E-8D18-48C3-B4E6-D05F62D252CE}.Debug|Any CPU.ActiveCfg = Debug|Any CPU
		{89051A0E-8D18-48C3-B4E6-D05F62D252CE}.Debug|Any CPU.Build.0 = Debug|Any CPU
		{89051A0E-8D18-48C3-B4E6-D05F62D252CE}.Release|Any CPU.ActiveCfg = Release|Any CPU
		{89051A0E-8D18-48C3-B4E6-D05F62D252CE}.Release|Any CPU.Build.0 = Release|Any CPU
		{AD5D94B8-BF3D-4A9A-A684-B37BBED7780B}.Debug|Any CPU.ActiveCfg = Debug|Any CPU
		{AD5D94B8-BF3D-4A9A-A684-B37BBED7780B}.Debug|Any CPU.Build.0 = Debug|Any CPU
		{AD5D94B8-BF3D-4A9A-A684-B37BBED7780B}.Release|Any CPU.ActiveCfg = Release|Any CPU
		{AD5D94B8-BF3D-4A9A-A684-B37BBED7780B}.Release|Any CPU.Build.0 = Release|Any CPU
		{02074656-CEB9-4EA5-8373-7BE0CE3B204E}.Debug|Any CPU.ActiveCfg = Debug|Any CPU
		{02074656-CEB9-4EA5-8373-7BE0CE3B204E}.Debug|Any CPU.Build.0 = Debug|Any CPU
		{02074656-CEB9-4EA5-8373-7BE0CE3B204E}.Release|Any CPU.ActiveCfg = Release|Any CPU
		{02074656-CEB9-4EA5-8373-7BE0CE3B204E}.Release|Any CPU.Build.0 = Release|Any CPU
		{B7119E71-3EA8-49BC-A578-4FB0DB57A624}.Debug|Any CPU.ActiveCfg = Debug|Any CPU
		{B7119E71-3EA8-49BC-A578-4FB0DB57A624}.Debug|Any CPU.Build.0 = Debug|Any CPU
		{B7119E71-3EA8-49BC-A578-4FB0DB57A624}.Release|Any CPU.ActiveCfg = Release|Any CPU
		{B7119E71-3EA8-49BC-A578-4FB0DB57A624}.Release|Any CPU.Build.0 = Release|Any CPU
		{2CAD1880-E406-40B8-9C5D-FFDBD01C6E4C}.Debug|Any CPU.ActiveCfg = Debug|Any CPU
		{2CAD1880-E406-40B8-9C5D-FFDBD01C6E4C}.Debug|Any CPU.Build.0 = Debug|Any CPU
		{2CAD1880-E406-40B8-9C5D-FFDBD01C6E4C}.Release|Any CPU.ActiveCfg = Release|Any CPU
		{2CAD1880-E406-40B8-9C5D-FFDBD01C6E4C}.Release|Any CPU.Build.0 = Release|Any CPU
		{5D281D20-7A8C-46D5-AFFF-C98011DD8233}.Debug|Any CPU.ActiveCfg = Debug|Any CPU
		{5D281D20-7A8C-46D5-AFFF-C98011DD8233}.Debug|Any CPU.Build.0 = Debug|Any CPU
		{5D281D20-7A8C-46D5-AFFF-C98011DD8233}.Release|Any CPU.ActiveCfg = Release|Any CPU
		{5D281D20-7A8C-46D5-AFFF-C98011DD8233}.Release|Any CPU.Build.0 = Release|Any CPU
		{C233D7D5-CF1D-467C-9BC6-C6B103724880}.Debug|Any CPU.ActiveCfg = Debug|Any CPU
		{C233D7D5-CF1D-467C-9BC6-C6B103724880}.Debug|Any CPU.Build.0 = Debug|Any CPU
		{C233D7D5-CF1D-467C-9BC6-C6B103724880}.Release|Any CPU.ActiveCfg = Release|Any CPU
		{C233D7D5-CF1D-467C-9BC6-C6B103724880}.Release|Any CPU.Build.0 = Release|Any CPU
		{1FBE397E-CA03-4E62-909D-C5C55C85A8A4}.Debug|Any CPU.ActiveCfg = Debug|Any CPU
		{1FBE397E-CA03-4E62-909D-C5C55C85A8A4}.Debug|Any CPU.Build.0 = Debug|Any CPU
		{1FBE397E-CA03-4E62-909D-C5C55C85A8A4}.Release|Any CPU.ActiveCfg = Release|Any CPU
		{1FBE397E-CA03-4E62-909D-C5C55C85A8A4}.Release|Any CPU.Build.0 = Release|Any CPU
		{6F7CA3DB-E757-4297-8A79-8B2A6645991F}.Debug|Any CPU.ActiveCfg = Debug|Any CPU
		{6F7CA3DB-E757-4297-8A79-8B2A6645991F}.Debug|Any CPU.Build.0 = Debug|Any CPU
		{6F7CA3DB-E757-4297-8A79-8B2A6645991F}.Release|Any CPU.ActiveCfg = Release|Any CPU
		{6F7CA3DB-E757-4297-8A79-8B2A6645991F}.Release|Any CPU.Build.0 = Release|Any CPU
		{FDAF8108-7E15-4226-B751-A3835BAF1982}.Debug|Any CPU.ActiveCfg = Debug|Any CPU
		{FDAF8108-7E15-4226-B751-A3835BAF1982}.Debug|Any CPU.Build.0 = Debug|Any CPU
		{FDAF8108-7E15-4226-B751-A3835BAF1982}.Release|Any CPU.ActiveCfg = Release|Any CPU
		{FDAF8108-7E15-4226-B751-A3835BAF1982}.Release|Any CPU.Build.0 = Release|Any CPU
		{79050359-6471-4A8C-9AC1-857E03DCAA6E}.Debug|Any CPU.ActiveCfg = Debug|Any CPU
		{79050359-6471-4A8C-9AC1-857E03DCAA6E}.Debug|Any CPU.Build.0 = Debug|Any CPU
		{79050359-6471-4A8C-9AC1-857E03DCAA6E}.Release|Any CPU.ActiveCfg = Release|Any CPU
		{79050359-6471-4A8C-9AC1-857E03DCAA6E}.Release|Any CPU.Build.0 = Release|Any CPU
		{BF9192C1-68F0-44EF-BC2E-7F7AEAC1B146}.Debug|Any CPU.ActiveCfg = Debug|Any CPU
		{BF9192C1-68F0-44EF-BC2E-7F7AEAC1B146}.Debug|Any CPU.Build.0 = Debug|Any CPU
		{BF9192C1-68F0-44EF-BC2E-7F7AEAC1B146}.Release|Any CPU.ActiveCfg = Release|Any CPU
		{BF9192C1-68F0-44EF-BC2E-7F7AEAC1B146}.Release|Any CPU.Build.0 = Release|Any CPU
		{11AE1273-5ADB-449F-8E52-A6D04C0CC519}.Debug|Any CPU.ActiveCfg = Debug|Any CPU
		{11AE1273-5ADB-449F-8E52-A6D04C0CC519}.Debug|Any CPU.Build.0 = Debug|Any CPU
		{11AE1273-5ADB-449F-8E52-A6D04C0CC519}.Release|Any CPU.ActiveCfg = Release|Any CPU
		{11AE1273-5ADB-449F-8E52-A6D04C0CC519}.Release|Any CPU.Build.0 = Release|Any CPU
		{A74CD7DD-6695-44DC-8B13-C3106D9F835F}.Debug|Any CPU.ActiveCfg = Debug|Any CPU
		{A74CD7DD-6695-44DC-8B13-C3106D9F835F}.Debug|Any CPU.Build.0 = Debug|Any CPU
		{A74CD7DD-6695-44DC-8B13-C3106D9F835F}.Release|Any CPU.ActiveCfg = Release|Any CPU
		{A74CD7DD-6695-44DC-8B13-C3106D9F835F}.Release|Any CPU.Build.0 = Release|Any CPU
		{12A146E4-F216-4AEE-9855-8BB54D300C93}.Debug|Any CPU.ActiveCfg = Debug|Any CPU
		{12A146E4-F216-4AEE-9855-8BB54D300C93}.Debug|Any CPU.Build.0 = Debug|Any CPU
		{12A146E4-F216-4AEE-9855-8BB54D300C93}.Release|Any CPU.ActiveCfg = Release|Any CPU
		{12A146E4-F216-4AEE-9855-8BB54D300C93}.Release|Any CPU.Build.0 = Release|Any CPU
		{40A8D9A8-EA17-4BE7-9CC1-2F512C251341}.Debug|Any CPU.ActiveCfg = Debug|Any CPU
		{40A8D9A8-EA17-4BE7-9CC1-2F512C251341}.Debug|Any CPU.Build.0 = Debug|Any CPU
		{40A8D9A8-EA17-4BE7-9CC1-2F512C251341}.Release|Any CPU.ActiveCfg = Release|Any CPU
		{40A8D9A8-EA17-4BE7-9CC1-2F512C251341}.Release|Any CPU.Build.0 = Release|Any CPU
		{6CE77188-F989-43BA-91B5-593B537713BB}.Debug|Any CPU.ActiveCfg = Debug|Any CPU
		{6CE77188-F989-43BA-91B5-593B537713BB}.Debug|Any CPU.Build.0 = Debug|Any CPU
		{6CE77188-F989-43BA-91B5-593B537713BB}.Release|Any CPU.ActiveCfg = Release|Any CPU
		{6CE77188-F989-43BA-91B5-593B537713BB}.Release|Any CPU.Build.0 = Release|Any CPU
		{5362B0C8-6A4E-4159-BC06-D124606A1ED2}.Debug|Any CPU.ActiveCfg = Debug|Any CPU
		{5362B0C8-6A4E-4159-BC06-D124606A1ED2}.Debug|Any CPU.Build.0 = Debug|Any CPU
		{5362B0C8-6A4E-4159-BC06-D124606A1ED2}.Release|Any CPU.ActiveCfg = Release|Any CPU
		{5362B0C8-6A4E-4159-BC06-D124606A1ED2}.Release|Any CPU.Build.0 = Release|Any CPU
		{E5012BDC-ACDB-4AB6-BC9A-E30D169806A2}.Debug|Any CPU.ActiveCfg = Debug|Any CPU
		{E5012BDC-ACDB-4AB6-BC9A-E30D169806A2}.Debug|Any CPU.Build.0 = Debug|Any CPU
		{E5012BDC-ACDB-4AB6-BC9A-E30D169806A2}.Release|Any CPU.ActiveCfg = Release|Any CPU
		{E5012BDC-ACDB-4AB6-BC9A-E30D169806A2}.Release|Any CPU.Build.0 = Release|Any CPU
		{562A85D8-F83D-44D6-A825-C238F5A55329}.Debug|Any CPU.ActiveCfg = Debug|Any CPU
		{562A85D8-F83D-44D6-A825-C238F5A55329}.Debug|Any CPU.Build.0 = Debug|Any CPU
		{562A85D8-F83D-44D6-A825-C238F5A55329}.Release|Any CPU.ActiveCfg = Release|Any CPU
		{562A85D8-F83D-44D6-A825-C238F5A55329}.Release|Any CPU.Build.0 = Release|Any CPU
		{076D5F9C-D84E-4CD0-B437-20E910A6F747}.Debug|Any CPU.ActiveCfg = Debug|Any CPU
		{076D5F9C-D84E-4CD0-B437-20E910A6F747}.Debug|Any CPU.Build.0 = Debug|Any CPU
		{076D5F9C-D84E-4CD0-B437-20E910A6F747}.Release|Any CPU.ActiveCfg = Release|Any CPU
		{076D5F9C-D84E-4CD0-B437-20E910A6F747}.Release|Any CPU.Build.0 = Release|Any CPU
		{3CFEFE30-8DE8-4217-95D0-E442578F5481}.Debug|Any CPU.ActiveCfg = Debug|Any CPU
		{3CFEFE30-8DE8-4217-95D0-E442578F5481}.Debug|Any CPU.Build.0 = Debug|Any CPU
		{3CFEFE30-8DE8-4217-95D0-E442578F5481}.Release|Any CPU.ActiveCfg = Release|Any CPU
		{3CFEFE30-8DE8-4217-95D0-E442578F5481}.Release|Any CPU.Build.0 = Release|Any CPU
	EndGlobalSection
	GlobalSection(SolutionProperties) = preSolution
		HideSolutionNode = FALSE
	EndGlobalSection
EndGlobal
